
Microsoft Visual Studio Solution File, Format Version 12.00
# Visual Studio 15
VisualStudioVersion = 15.0.27130.2010
MinimumVisualStudioVersion = 10.0.40219.1
Project("{FAE04EC0-301F-11D3-BF4B-00C04F79EFBC}") = "Obrero1", "Obrero1\Obrero1.csproj", "{92CA6EE0-BE23-4961-84EB-3C62487FD017}"
EndProject
Global
	GlobalSection(SolutionConfigurationPlatforms) = preSolution
		Debug|Any CPU = Debug|Any CPU
		Release|Any CPU = Release|Any CPU
	EndGlobalSection
	GlobalSection(ProjectConfigurationPlatforms) = postSolution
		{92CA6EE0-BE23-4961-84EB-3C62487FD017}.Debug|Any CPU.ActiveCfg = Debug|Any CPU
		{92CA6EE0-BE23-4961-84EB-3C62487FD017}.Debug|Any CPU.Build.0 = Debug|Any CPU
		{92CA6EE0-BE23-4961-84EB-3C62487FD017}.Release|Any CPU.ActiveCfg = Release|Any CPU
		{92CA6EE0-BE23-4961-84EB-3C62487FD017}.Release|Any CPU.Build.0 = Release|Any CPU
	EndGlobalSection
	GlobalSection(SolutionProperties) = preSolution
		HideSolutionNode = FALSE
	EndGlobalSection
	GlobalSection(ExtensibilityGlobals) = postSolution
		SolutionGuid = {DC3968A0-1AAD-41A7-A2D9-5FF04F67A796}
	EndGlobalSection
EndGlobal
